# THIS IS AN AUTOGENERATED FILE. DO NOT EDIT THIS FILE DIRECTLY.
# yarn lockfile v1


bs-let@^0.1.16:
  version "0.1.16"
  resolved "https://registry.yarnpkg.com/bs-let/-/bs-let-0.1.16.tgz#63cd449ed02c75f87eceb248d45963937afdd4ed"
  integrity sha512-pdbSNe/QRpqgqS72dYDlkZ7kqMHc5aJkLgipLS8BFMRx+hQqkOo0JOpxWZQeDj1T677e302xgmV+Mid5gvmnBg==

bs-platform@^7.3.2:
  version "7.3.2"
  resolved "https://registry.yarnpkg.com/bs-platform/-/bs-platform-7.3.2.tgz#301f5c9b4e8cf5713cb60ca22e145e56e793affe"
  integrity sha512-seJL5g4anK9la4erv+B2o2sMHQCxDF6OCRl9en3hbaUos/S3JsusQ0sPp4ORsbx5eXfHLYBwPljwKXlgpXtsgQ==

bs-webapi@^0.15.6:
  version "0.15.6"
  resolved "https://registry.yarnpkg.com/bs-webapi/-/bs-webapi-0.15.6.tgz#967a074854c76ba0097653a1745fd981eaf62f7b"
  integrity sha512-J+6+fBhkZ8DC8Xrq5Zv7w5pufEv/23TSsHSPMMoOJ1tejEbmXvk8qkwUi0JqPhWmA86XyGMO7Z2XbNNUtd/CPw==
