# THIS IS AN AUTOGENERATED FILE. DO NOT EDIT THIS FILE DIRECTLY.
# yarn lockfile v1


bs-let@^0.1.16:
  version "0.1.16"
  resolved "https://registry.yarnpkg.com/bs-let/-/bs-let-0.1.16.tgz#63cd449ed02c75f87eceb248d45963937afdd4ed"
  integrity sha512-pdbSNe/QRpqgqS72dYDlkZ7kqMHc5aJkLgipLS8BFMRx+hQqkOo0JOpxWZQeDj1T677e302xgmV+Mid5gvmnBg==

bs-platform@^7.0.1:
  version "7.0.1"
  resolved "https://registry.yarnpkg.com/bs-platform/-/bs-platform-7.0.1.tgz#1d7b0ef6088b998dceee5db74a7cd8f01c20a3bd"
  integrity sha512-UjStdtHhbtC/l6vKJ1XRDqrPk7rFf5PLYHtRX3akDXEYVnTbN36z0g4DEr5mU8S0N945e33HYts9x+i7hKKpZQ==

bs-webapi@^0.15.6:
  version "0.15.6"
  resolved "https://registry.yarnpkg.com/bs-webapi/-/bs-webapi-0.15.6.tgz#967a074854c76ba0097653a1745fd981eaf62f7b"
  integrity sha512-J+6+fBhkZ8DC8Xrq5Zv7w5pufEv/23TSsHSPMMoOJ1tejEbmXvk8qkwUi0JqPhWmA86XyGMO7Z2XbNNUtd/CPw==
